cd basqor97

# 1. احذف الملفات التالفة
rm -rf node_modules package-lock.json

# 2. أعد التثبيت من الصفر
npm install

# 3. تحقق من نجاح التثبيت
npm run build
# أضف الملفات
git add package.json package-lock.json

# تحقق من أن الملف تم إضافته
git status

# يجب أن ترى:
# new file:   package-lock.json

# Commit
git commit -m "fix: regenerate package-lock.json"

# Push
git push origin main
